github.com/bep/hugo-mod-misc/render-hooks v0.0.0-20210723093728-af361d7c8bce h1:Vg33PkhBW5xnrw7nNfmS+AkXAzEHPWo8Eu6R4m7Dm5s=
github.com/bep/hugo-mod-misc/render-hooks v0.0.0-20210723093728-af361d7c8bce/go.mod h1:urWX/OTIywaBRMTcOjj15CedWUkAYoMeAqL9OhWFVrw=
github.com/bep/hugo-mod-misc/render-hooks v0.1.0 h1:Bk9Rkl7p1+gvTSXdUYSxuyGSxgLY5qyEA2+nbTNJBwo=
github.com/bep/hugo-mod-misc/render-hooks v0.1.0/go.mod h1:urWX/OTIywaBRMTcOjj15CedWUkAYoMeAqL9OhWFVrw=
